
Microsoft Visual Studio Solution File, Format Version 12.00
# Visual Studio Version 17
VisualStudioVersion = 17.14.36603.0
MinimumVisualStudioVersion = 10.0.40219.1
Project("{FAE04EC0-301F-11D3-BF4B-00C04F79EFBC}") = "Tela", "Tela\Tela.csproj", "{A89B0FB6-3EBF-4A1F-9EA9-B17E4760B9F3}"
EndProject
Project("{FAE04EC0-301F-11D3-BF4B-00C04F79EFBC}") = "Variaveis", "Variaveis\Variaveis.csproj", "{DE5AAB3E-5555-4DFB-8616-C88EDB9E26E0}"
EndProject
Project("{FAE04EC0-301F-11D3-BF4B-00C04F79EFBC}") = "EstruturaDe_Repeticao", "EstruturaDe_Repeticao\EstruturaDe_Repeticao.csproj", "{A30BEB0F-78A1-4D7C-92EB-78578A061722}"
EndProject
Project("{FAE04EC0-301F-11D3-BF4B-00C04F79EFBC}") = "POO", "POO\POO.csproj", "{11C43B1E-16DB-44B8-9EB5-FF6F8554A1B6}"
EndProject
Project("{FAE04EC0-301F-11D3-BF4B-00C04F79EFBC}") = "UserMenagerPOO", "UserMenagerPOO\UserMenagerPOO.csproj", "{18DA35C6-14BD-43D2-900E-1C2821029856}"
EndProject
Global
	GlobalSection(SolutionConfigurationPlatforms) = preSolution
		Debug|Any CPU = Debug|Any CPU
		Release|Any CPU = Release|Any CPU
	EndGlobalSection
	GlobalSection(ProjectConfigurationPlatforms) = postSolution
		{A89B0FB6-3EBF-4A1F-9EA9-B17E4760B9F3}.Debug|Any CPU.ActiveCfg = Debug|Any CPU
		{A89B0FB6-3EBF-4A1F-9EA9-B17E4760B9F3}.Debug|Any CPU.Build.0 = Debug|Any CPU
		{A89B0FB6-3EBF-4A1F-9EA9-B17E4760B9F3}.Release|Any CPU.ActiveCfg = Release|Any CPU
		{A89B0FB6-3EBF-4A1F-9EA9-B17E4760B9F3}.Release|Any CPU.Build.0 = Release|Any CPU
		{DE5AAB3E-5555-4DFB-8616-C88EDB9E26E0}.Debug|Any CPU.ActiveCfg = Debug|Any CPU
		{DE5AAB3E-5555-4DFB-8616-C88EDB9E26E0}.Debug|Any CPU.Build.0 = Debug|Any CPU
		{DE5AAB3E-5555-4DFB-8616-C88EDB9E26E0}.Release|Any CPU.ActiveCfg = Release|Any CPU
		{DE5AAB3E-5555-4DFB-8616-C88EDB9E26E0}.Release|Any CPU.Build.0 = Release|Any CPU
		{A30BEB0F-78A1-4D7C-92EB-78578A061722}.Debug|Any CPU.ActiveCfg = Debug|Any CPU
		{A30BEB0F-78A1-4D7C-92EB-78578A061722}.Debug|Any CPU.Build.0 = Debug|Any CPU
		{A30BEB0F-78A1-4D7C-92EB-78578A061722}.Release|Any CPU.ActiveCfg = Release|Any CPU
		{A30BEB0F-78A1-4D7C-92EB-78578A061722}.Release|Any CPU.Build.0 = Release|Any CPU
		{11C43B1E-16DB-44B8-9EB5-FF6F8554A1B6}.Debug|Any CPU.ActiveCfg = Debug|Any CPU
		{11C43B1E-16DB-44B8-9EB5-FF6F8554A1B6}.Debug|Any CPU.Build.0 = Debug|Any CPU
		{11C43B1E-16DB-44B8-9EB5-FF6F8554A1B6}.Release|Any CPU.ActiveCfg = Release|Any CPU
		{11C43B1E-16DB-44B8-9EB5-FF6F8554A1B6}.Release|Any CPU.Build.0 = Release|Any CPU
		{18DA35C6-14BD-43D2-900E-1C2821029856}.Debug|Any CPU.ActiveCfg = Debug|Any CPU
		{18DA35C6-14BD-43D2-900E-1C2821029856}.Debug|Any CPU.Build.0 = Debug|Any CPU
		{18DA35C6-14BD-43D2-900E-1C2821029856}.Release|Any CPU.ActiveCfg = Release|Any CPU
		{18DA35C6-14BD-43D2-900E-1C2821029856}.Release|Any CPU.Build.0 = Release|Any CPU
	EndGlobalSection
	GlobalSection(SolutionProperties) = preSolution
		HideSolutionNode = FALSE
	EndGlobalSection
	GlobalSection(ExtensibilityGlobals) = postSolution
		SolutionGuid = {6599CCEF-52D4-4D1E-9C43-D970E17F3D8E}
	EndGlobalSection
EndGlobal
